
Microsoft Visual Studio Solution File, Format Version 12.00
Project("{FAE04EC0-301F-11D3-BF4B-00C04F79EFBC}") = "WarehouseApp", "WarehouseApp\WarehouseApp.csproj", "{91A84263-3D37-4BBC-9E14-3CA07A4EAB6E}"
EndProject
Project("{FAE04EC0-301F-11D3-BF4B-00C04F79EFBC}") = "WarehouseTests", "WarehouseTests\WarehouseTests.csproj", "{3BED06A7-9045-420C-BF5B-3E0AA88B260D}"
EndProject
Global
	GlobalSection(SolutionConfigurationPlatforms) = preSolution
		Debug|Any CPU = Debug|Any CPU
		Release|Any CPU = Release|Any CPU
	EndGlobalSection
	GlobalSection(ProjectConfigurationPlatforms) = postSolution
		{91A84263-3D37-4BBC-9E14-3CA07A4EAB6E}.Debug|Any CPU.ActiveCfg = Debug|Any CPU
		{91A84263-3D37-4BBC-9E14-3CA07A4EAB6E}.Debug|Any CPU.Build.0 = Debug|Any CPU
		{91A84263-3D37-4BBC-9E14-3CA07A4EAB6E}.Release|Any CPU.ActiveCfg = Release|Any CPU
		{91A84263-3D37-4BBC-9E14-3CA07A4EAB6E}.Release|Any CPU.Build.0 = Release|Any CPU
		{3BED06A7-9045-420C-BF5B-3E0AA88B260D}.Debug|Any CPU.ActiveCfg = Debug|Any CPU
		{3BED06A7-9045-420C-BF5B-3E0AA88B260D}.Debug|Any CPU.Build.0 = Debug|Any CPU
		{3BED06A7-9045-420C-BF5B-3E0AA88B260D}.Release|Any CPU.ActiveCfg = Release|Any CPU
		{3BED06A7-9045-420C-BF5B-3E0AA88B260D}.Release|Any CPU.Build.0 = Release|Any CPU
	EndGlobalSection
EndGlobal
